
Microsoft Visual Studio Solution File, Format Version 12.00
# Visual Studio Version 16
VisualStudioVersion = 16.0.30413.136
MinimumVisualStudioVersion = 10.0.40219.1
Project("{FAE04EC0-301F-11D3-BF4B-00C04F79EFBC}") = "SMGCodeTest.TinyURLWeb", "SMGCodeTest.TinyURLWeb\SMGCodeTest.TinyURLWeb.csproj", "{CC9CE942-A695-4DE5-A42F-BEB946A076F9}"
EndProject
Global
	GlobalSection(SolutionConfigurationPlatforms) = preSolution
		Debug|Any CPU = Debug|Any CPU
		Release|Any CPU = Release|Any CPU
	EndGlobalSection
	GlobalSection(ProjectConfigurationPlatforms) = postSolution
		{CC9CE942-A695-4DE5-A42F-BEB946A076F9}.Debug|Any CPU.ActiveCfg = Debug|Any CPU
		{CC9CE942-A695-4DE5-A42F-BEB946A076F9}.Debug|Any CPU.Build.0 = Debug|Any CPU
		{CC9CE942-A695-4DE5-A42F-BEB946A076F9}.Release|Any CPU.ActiveCfg = Release|Any CPU
		{CC9CE942-A695-4DE5-A42F-BEB946A076F9}.Release|Any CPU.Build.0 = Release|Any CPU
	EndGlobalSection
	GlobalSection(SolutionProperties) = preSolution
		HideSolutionNode = FALSE
	EndGlobalSection
	GlobalSection(ExtensibilityGlobals) = postSolution
		SolutionGuid = {6BD14154-537A-4A73-83DD-2EE9F1B87C0C}
	EndGlobalSection
EndGlobal
